// !$*UTF8*$!
{
	archiveVersion = 1;
	classes = {
	};
	objectVersion = 46;
	objects = {

/* Begin PBXBuildFile section */
		2704AD511AEF031300A2D19C /* main.m in Sources */ = {isa = PBXBuildFile; fileRef = 2704AD501AEF031300A2D19C /* main.m */; };
		2704AD541AEF031300A2D19C /* AppDelegate.m in Sources */ = {isa = PBXBuildFile; fileRef = 2704AD531AEF031300A2D19C /* AppDelegate.m */; };
		2704AD561AEF031300A2D19C /* Images.xcassets in Resources */ = {isa = PBXBuildFile; fileRef = 2704AD551AEF031300A2D19C /* Images.xcassets */; };
		2704AD591AEF031300A2D19C /* LaunchScreen.xib in Resources */ = {isa = PBXBuildFile; fileRef = 2704AD571AEF031300A2D19C /* LaunchScreen.xib */; };
		2704AD651AEF031300A2D19C /* FacadeTests.m in Sources */ = {isa = PBXBuildFile; fileRef = 2704AD641AEF031300A2D19C /* FacadeTests.m */; };
		2704AD731AEF048A00A2D19C /* ProfileViewController.m in Sources */ = {isa = PBXBuildFile; fileRef = 2704AD721AEF048A00A2D19C /* ProfileViewController.m */; };
		2704AD751AEF055100A2D19C /* skyline.jpg in Resources */ = {isa = PBXBuildFile; fileRef = 2704AD741AEF055100A2D19C /* skyline.jpg */; };
		2704AD771AEF106D00A2D19C /* OpenSans-Semibold.ttf in Resources */ = {isa = PBXBuildFile; fileRef = 2704AD761AEF106D00A2D19C /* OpenSans-Semibold.ttf */; };
		2704AD791AEF123700A2D19C /* flying.jpg in Resources */ = {isa = PBXBuildFile; fileRef = 2704AD781AEF123700A2D19C /* flying.jpg */; };
		2704AD7B1AEF19FE00A2D19C /* add.png in Resources */ = {isa = PBXBuildFile; fileRef = 2704AD7A1AEF19FE00A2D19C /* add.png */; };
		2704AD7D1AEF1A0700A2D19C /* messages.png in Resources */ = {isa = PBXBuildFile; fileRef = 2704AD7C1AEF1A0700A2D19C /* messages.png */; };
		2704AD7F1AEF1A1000A2D19C /* stats.png in Resources */ = {isa = PBXBuildFile; fileRef = 2704AD7E1AEF1A1000A2D19C /* stats.png */; };
		2704AD811AEF230000A2D19C /* facebook.png in Resources */ = {isa = PBXBuildFile; fileRef = 2704AD801AEF230000A2D19C /* facebook.png */; };
		2704AD831AEF230600A2D19C /* google.png in Resources */ = {isa = PBXBuildFile; fileRef = 2704AD821AEF230600A2D19C /* google.png */; };
		2704AD851AEF230E00A2D19C /* pinterest.png in Resources */ = {isa = PBXBuildFile; fileRef = 2704AD841AEF230E00A2D19C /* pinterest.png */; };
		2704AD871AEF231600A2D19C /* twitter.png in Resources */ = {isa = PBXBuildFile; fileRef = 2704AD861AEF231600A2D19C /* twitter.png */; };
		2704AD8A1AF047A200A2D19C /* UIView+Facade.m in Sources */ = {isa = PBXBuildFile; fileRef = 2704AD891AF047A200A2D19C /* UIView+Facade.m */; };
		27BE1ED71AFA67F100F5A94B /* TestViewController.m in Sources */ = {isa = PBXBuildFile; fileRef = 27BE1ED61AFA67F100F5A94B /* TestViewController.m */; };
/* End PBXBuildFile section */

/* Begin PBXContainerItemProxy section */
		2704AD5F1AEF031300A2D19C /* PBXContainerItemProxy */ = {
			isa = PBXContainerItemProxy;
			containerPortal = 2704AD431AEF031200A2D19C /* Project object */;
			proxyType = 1;
			remoteGlobalIDString = 2704AD4A1AEF031200A2D19C;
			remoteInfo = Facade;
		};
/* End PBXContainerItemProxy section */

/* Begin PBXFileReference section */
		2704AD4B1AEF031300A2D19C /* Facade.app */ = {isa = PBXFileReference; explicitFileType = wrapper.application; includeInIndex = 0; path = Facade.app; sourceTree = BUILT_PRODUCTS_DIR; };
		2704AD4F1AEF031300A2D19C /* Info.plist */ = {isa = PBXFileReference; lastKnownFileType = text.plist.xml; path = Info.plist; sourceTree = "<group>"; };
		2704AD501AEF031300A2D19C /* main.m */ = {isa = PBXFileReference; lastKnownFileType = sourcecode.c.objc; path = main.m; sourceTree = "<group>"; };
		2704AD521AEF031300A2D19C /* AppDelegate.h */ = {isa = PBXFileReference; lastKnownFileType = sourcecode.c.h; path = AppDelegate.h; sourceTree = "<group>"; };
		2704AD531AEF031300A2D19C /* AppDelegate.m */ = {isa = PBXFileReference; lastKnownFileType = sourcecode.c.objc; path = AppDelegate.m; sourceTree = "<group>"; };
		2704AD551AEF031300A2D19C /* Images.xcassets */ = {isa = PBXFileReference; lastKnownFileType = folder.assetcatalog; path = Images.xcassets; sourceTree = "<group>"; };
		2704AD581AEF031300A2D19C /* Base */ = {isa = PBXFileReference; lastKnownFileType = file.xib; name = Base; path = Base.lproj/LaunchScreen.xib; sourceTree = "<group>"; };
		2704AD5E1AEF031300A2D19C /* FacadeTests.xctest */ = {isa = PBXFileReference; explicitFileType = wrapper.cfbundle; includeInIndex = 0; path = FacadeTests.xctest; sourceTree = BUILT_PRODUCTS_DIR; };
		2704AD631AEF031300A2D19C /* Info.plist */ = {isa = PBXFileReference; lastKnownFileType = text.plist.xml; path = Info.plist; sourceTree = "<group>"; };
		2704AD641AEF031300A2D19C /* FacadeTests.m */ = {isa = PBXFileReference; lastKnownFileType = sourcecode.c.objc; path = FacadeTests.m; sourceTree = "<group>"; };
		2704AD711AEF048A00A2D19C /* ProfileViewController.h */ = {isa = PBXFileReference; fileEncoding = 4; lastKnownFileType = sourcecode.c.h; path = ProfileViewController.h; sourceTree = "<group>"; };
		2704AD721AEF048A00A2D19C /* ProfileViewController.m */ = {isa = PBXFileReference; fileEncoding = 4; lastKnownFileType = sourcecode.c.objc; path = ProfileViewController.m; sourceTree = "<group>"; };
		2704AD741AEF055100A2D19C /* skyline.jpg */ = {isa = PBXFileReference; lastKnownFileType = image.jpeg; path = skyline.jpg; sourceTree = "<group>"; };
		2704AD761AEF106D00A2D19C /* OpenSans-Semibold.ttf */ = {isa = PBXFileReference; lastKnownFileType = file; path = "OpenSans-Semibold.ttf"; sourceTree = "<group>"; };
		2704AD781AEF123700A2D19C /* flying.jpg */ = {isa = PBXFileReference; lastKnownFileType = image.jpeg; path = flying.jpg; sourceTree = "<group>"; };
		2704AD7A1AEF19FE00A2D19C /* add.png */ = {isa = PBXFileReference; lastKnownFileType = image.png; path = add.png; sourceTree = "<group>"; };
		2704AD7C1AEF1A0700A2D19C /* messages.png */ = {isa = PBXFileReference; lastKnownFileType = image.png; path = messages.png; sourceTree = "<group>"; };
		2704AD7E1AEF1A1000A2D19C /* stats.png */ = {isa = PBXFileReference; lastKnownFileType = image.png; path = stats.png; sourceTree = "<group>"; };
		2704AD801AEF230000A2D19C /* facebook.png */ = {isa = PBXFileReference; lastKnownFileType = image.png; path = facebook.png; sourceTree = "<group>"; };
		2704AD821AEF230600A2D19C /* google.png */ = {isa = PBXFileReference; lastKnownFileType = image.png; path = google.png; sourceTree = "<group>"; };
		2704AD841AEF230E00A2D19C /* pinterest.png */ = {isa = PBXFileReference; lastKnownFileType = image.png; path = pinterest.png; sourceTree = "<group>"; };
		2704AD861AEF231600A2D19C /* twitter.png */ = {isa = PBXFileReference; lastKnownFileType = image.png; path = twitter.png; sourceTree = "<group>"; };
		2704AD881AF047A200A2D19C /* UIView+Facade.h */ = {isa = PBXFileReference; fileEncoding = 4; lastKnownFileType = sourcecode.c.h; path = "UIView+Facade.h"; sourceTree = "<group>"; };
		2704AD891AF047A200A2D19C /* UIView+Facade.m */ = {isa = PBXFileReference; fileEncoding = 4; lastKnownFileType = sourcecode.c.objc; path = "UIView+Facade.m"; sourceTree = "<group>"; };
		27BE1ED51AFA67F100F5A94B /* TestViewController.h */ = {isa = PBXFileReference; fileEncoding = 4; lastKnownFileType = sourcecode.c.h; path = TestViewController.h; sourceTree = "<group>"; };
		27BE1ED61AFA67F100F5A94B /* TestViewController.m */ = {isa = PBXFileReference; fileEncoding = 4; lastKnownFileType = sourcecode.c.objc; path = TestViewController.m; sourceTree = "<group>"; };
/* End PBXFileReference section */

/* Begin PBXFrameworksBuildPhase section */
		2704AD481AEF031200A2D19C /* Frameworks */ = {
			isa = PBXFrameworksBuildPhase;
			buildActionMask = 2147483647;
			files = (
			);
			runOnlyForDeploymentPostprocessing = 0;
		};
		2704AD5B1AEF031300A2D19C /* Frameworks */ = {
			isa = PBXFrameworksBuildPhase;
			buildActionMask = 2147483647;
			files = (
			);
			runOnlyForDeploymentPostprocessing = 0;
		};
/* End PBXFrameworksBuildPhase section */

/* Begin PBXGroup section */
		2704AD421AEF031200A2D19C = {
			isa = PBXGroup;
			children = (
				2704AD4D1AEF031300A2D19C /* Facade */,
				27E461641B04428800B74192 /* Demo */,
				2704AD611AEF031300A2D19C /* FacadeTests */,
			);
			sourceTree = "<group>";
		};
		2704AD4C1AEF031300A2D19C /* Products */ = {
			isa = PBXGroup;
			children = (
				2704AD4B1AEF031300A2D19C /* Facade.app */,
				2704AD5E1AEF031300A2D19C /* FacadeTests.xctest */,
			);
			path = Products;
			sourceTree = "<group>";
		};
		2704AD4D1AEF031300A2D19C /* Facade */ = {
			isa = PBXGroup;
			children = (
				2704AD881AF047A200A2D19C /* UIView+Facade.h */,
				2704AD891AF047A200A2D19C /* UIView+Facade.m */,
			);
			path = Facade;
			sourceTree = "<group>";
		};
		2704AD4E1AEF031300A2D19C /* Supporting Files */ = {
			isa = PBXGroup;
			children = (
				2704AD761AEF106D00A2D19C /* OpenSans-Semibold.ttf */,
				2704AD4F1AEF031300A2D19C /* Info.plist */,
				2704AD501AEF031300A2D19C /* main.m */,
			);
			path = "Supporting Files";
			sourceTree = "<group>";
		};
		2704AD611AEF031300A2D19C /* FacadeTests */ = {
			isa = PBXGroup;
			children = (
				2704AD641AEF031300A2D19C /* FacadeTests.m */,
				2704AD621AEF031300A2D19C /* Supporting Files */,
			);
			path = FacadeTests;
			sourceTree = "<group>";
		};
		2704AD621AEF031300A2D19C /* Supporting Files */ = {
			isa = PBXGroup;
			children = (
				2704AD631AEF031300A2D19C /* Info.plist */,
			);
			path = "Supporting Files";
			sourceTree = "<group>";
		};
		27E461641B04428800B74192 /* Demo */ = {
			isa = PBXGroup;
			children = (
				2704AD521AEF031300A2D19C /* AppDelegate.h */,
				2704AD531AEF031300A2D19C /* AppDelegate.m */,
				27BE1ED51AFA67F100F5A94B /* TestViewController.h */,
				27BE1ED61AFA67F100F5A94B /* TestViewController.m */,
				2704AD711AEF048A00A2D19C /* ProfileViewController.h */,
				2704AD721AEF048A00A2D19C /* ProfileViewController.m */,
				27E461651B0442C900B74192 /* Icons */,
				27E461661B0442E500B74192 /* Misc */,
			);
			path = Demo;
			sourceTree = "<group>";
		};
		27E461651B0442C900B74192 /* Icons */ = {
			isa = PBXGroup;
			children = (
				2704AD841AEF230E00A2D19C /* pinterest.png */,
				2704AD861AEF231600A2D19C /* twitter.png */,
				2704AD821AEF230600A2D19C /* google.png */,
				2704AD801AEF230000A2D19C /* facebook.png */,
				2704AD7A1AEF19FE00A2D19C /* add.png */,
				2704AD781AEF123700A2D19C /* flying.jpg */,
				2704AD7E1AEF1A1000A2D19C /* stats.png */,
				2704AD7C1AEF1A0700A2D19C /* messages.png */,
				2704AD741AEF055100A2D19C /* skyline.jpg */,
			);
			path = Icons;
			sourceTree = "<group>";
		};
		27E461661B0442E500B74192 /* Misc */ = {
			isa = PBXGroup;
			children = (
				2704AD551AEF031300A2D19C /* Images.xcassets */,
				2704AD571AEF031300A2D19C /* LaunchScreen.xib */,
				2704AD4E1AEF031300A2D19C /* Supporting Files */,
				2704AD4C1AEF031300A2D19C /* Products */,
			);
			path = Misc;
			sourceTree = "<group>";
		};
/* End PBXGroup section */

/* Begin PBXNativeTarget section */
		2704AD4A1AEF031200A2D19C /* Facade */ = {
			isa = PBXNativeTarget;
			buildConfigurationList = 2704AD681AEF031300A2D19C /* Build configuration list for PBXNativeTarget "Facade" */;
			buildPhases = (
				2704AD471AEF031200A2D19C /* Sources */,
				2704AD481AEF031200A2D19C /* Frameworks */,
				2704AD491AEF031200A2D19C /* Resources */,
			);
			buildRules = (
			);
			dependencies = (
			);
			name = Facade;
			productName = Facade;
			productReference = 2704AD4B1AEF031300A2D19C /* Facade.app */;
			productType = "com.apple.product-type.application";
		};
		2704AD5D1AEF031300A2D19C /* FacadeTests */ = {
			isa = PBXNativeTarget;
			buildConfigurationList = 2704AD6B1AEF031300A2D19C /* Build configuration list for PBXNativeTarget "FacadeTests" */;
			buildPhases = (
				2704AD5A1AEF031300A2D19C /* Sources */,
				2704AD5B1AEF031300A2D19C /* Frameworks */,
				2704AD5C1AEF031300A2D19C /* Resources */,
			);
			buildRules = (
			);
			dependencies = (
				2704AD601AEF031300A2D19C /* PBXTargetDependency */,
			);
			name = FacadeTests;
			productName = FacadeTests;
			productReference = 2704AD5E1AEF031300A2D19C /* FacadeTests.xctest */;
			productType = "com.apple.product-type.bundle.unit-test";
		};
/* End PBXNativeTarget section */

/* Begin PBXProject section */
		2704AD431AEF031200A2D19C /* Project object */ = {
			isa = PBXProject;
			attributes = {
				LastUpgradeCheck = 0600;
				ORGANIZATIONNAME = "Mike Amaral";
				TargetAttributes = {
					2704AD4A1AEF031200A2D19C = {
						CreatedOnToolsVersion = 6.0;
					};
					2704AD5D1AEF031300A2D19C = {
						CreatedOnToolsVersion = 6.0;
						TestTargetID = 2704AD4A1AEF031200A2D19C;
					};
				};
			};
			buildConfigurationList = 2704AD461AEF031200A2D19C /* Build configuration list for PBXProject "Facade" */;
			compatibilityVersion = "Xcode 3.2";
			developmentRegion = English;
			hasScannedForEncodings = 0;
			knownRegions = (
				en,
				Base,
			);
			mainGroup = 2704AD421AEF031200A2D19C;
			productRefGroup = 2704AD4C1AEF031300A2D19C /* Products */;
			projectDirPath = "";
			projectRoot = "";
			targets = (
				2704AD4A1AEF031200A2D19C /* Facade */,
				2704AD5D1AEF031300A2D19C /* FacadeTests */,
			);
		};
/* End PBXProject section */

/* Begin PBXResourcesBuildPhase section */
		2704AD491AEF031200A2D19C /* Resources */ = {
			isa = PBXResourcesBuildPhase;
			buildActionMask = 2147483647;
			files = (
				2704AD831AEF230600A2D19C /* google.png in Resources */,
				2704AD771AEF106D00A2D19C /* OpenSans-Semibold.ttf in Resources */,
				2704AD591AEF031300A2D19C /* LaunchScreen.xib in Resources */,
				2704AD7D1AEF1A0700A2D19C /* messages.png in Resources */,
				2704AD811AEF230000A2D19C /* facebook.png in Resources */,
				2704AD871AEF231600A2D19C /* twitter.png in Resources */,
				2704AD7F1AEF1A1000A2D19C /* stats.png in Resources */,
				2704AD791AEF123700A2D19C /* flying.jpg in Resources */,
				2704AD7B1AEF19FE00A2D19C /* add.png in Resources */,
				2704AD851AEF230E00A2D19C /* pinterest.png in Resources */,
				2704AD561AEF031300A2D19C /* Images.xcassets in Resources */,
				2704AD751AEF055100A2D19C /* skyline.jpg in Resources */,
			);
			runOnlyForDeploymentPostprocessing = 0;
		};
		2704AD5C1AEF031300A2D19C /* Resources */ = {
			isa = PBXResourcesBuildPhase;
			buildActionMask = 2147483647;
			files = (
			);
			runOnlyForDeploymentPostprocessing = 0;
		};
/* End PBXResourcesBuildPhase section */

/* Begin PBXSourcesBuildPhase section */
		2704AD471AEF031200A2D19C /* Sources */ = {
			isa = PBXSourcesBuildPhase;
			buildActionMask = 2147483647;
			files = (
				2704AD541AEF031300A2D19C /* AppDelegate.m in Sources */,
				27BE1ED71AFA67F100F5A94B /* TestViewController.m in Sources */,
				2704AD511AEF031300A2D19C /* main.m in Sources */,
				2704AD731AEF048A00A2D19C /* ProfileViewController.m in Sources */,
				2704AD8A1AF047A200A2D19C /* UIView+Facade.m in Sources */,
			);
			runOnlyForDeploymentPostprocessing = 0;
		};
		2704AD5A1AEF031300A2D19C /* Sources */ = {
			isa = PBXSourcesBuildPhase;
			buildActionMask = 2147483647;
			files = (
				2704AD651AEF031300A2D19C /* FacadeTests.m in Sources */,
			);
			runOnlyForDeploymentPostprocessing = 0;
		};
/* End PBXSourcesBuildPhase section */

/* Begin PBXTargetDependency section */
		2704AD601AEF031300A2D19C /* PBXTargetDependency */ = {
			isa = PBXTargetDependency;
			target = 2704AD4A1AEF031200A2D19C /* Facade */;
			targetProxy = 2704AD5F1AEF031300A2D19C /* PBXContainerItemProxy */;
		};
/* End PBXTargetDependency section */

/* Begin PBXVariantGroup section */
		2704AD571AEF031300A2D19C /* LaunchScreen.xib */ = {
			isa = PBXVariantGroup;
			children = (
				2704AD581AEF031300A2D19C /* Base */,
			);
			name = LaunchScreen.xib;
			path = .;
			sourceTree = "<group>";
		};
/* End PBXVariantGroup section */

/* Begin XCBuildConfiguration section */
		2704AD661AEF031300A2D19C /* Debug */ = {
			isa = XCBuildConfiguration;
			buildSettings = {
				ALWAYS_SEARCH_USER_PATHS = NO;
				CLANG_CXX_LANGUAGE_STANDARD = "gnu++0x";
				CLANG_CXX_LIBRARY = "libc++";
				CLANG_ENABLE_MODULES = YES;
				CLANG_ENABLE_OBJC_ARC = YES;
				CLANG_WARN_BOOL_CONVERSION = YES;
				CLANG_WARN_CONSTANT_CONVERSION = YES;
				CLANG_WARN_DIRECT_OBJC_ISA_USAGE = YES_ERROR;
				CLANG_WARN_EMPTY_BODY = YES;
				CLANG_WARN_ENUM_CONVERSION = YES;
				CLANG_WARN_INT_CONVERSION = YES;
				CLANG_WARN_OBJC_ROOT_CLASS = YES_ERROR;
				CLANG_WARN_UNREACHABLE_CODE = YES;
				CLANG_WARN__DUPLICATE_METHOD_MATCH = YES;
				"CODE_SIGN_IDENTITY[sdk=iphoneos*]" = "iPhone Developer";
				COPY_PHASE_STRIP = NO;
				ENABLE_STRICT_OBJC_MSGSEND = YES;
				GCC_C_LANGUAGE_STANDARD = gnu99;
				GCC_DYNAMIC_NO_PIC = NO;
				GCC_GENERATE_TEST_COVERAGE_FILES = YES;
				GCC_INSTRUMENT_PROGRAM_FLOW_ARCS = YES;
				GCC_OPTIMIZATION_LEVEL = 0;
				GCC_PREPROCESSOR_DEFINITIONS = (
					"DEBUG=1",
					"$(inherited)",
				);
				GCC_SYMBOLS_PRIVATE_EXTERN = NO;
				GCC_WARN_64_TO_32_BIT_CONVERSION = YES;
				GCC_WARN_ABOUT_RETURN_TYPE = YES_ERROR;
				GCC_WARN_UNDECLARED_SELECTOR = YES;
				GCC_WARN_UNINITIALIZED_AUTOS = YES_AGGRESSIVE;
				GCC_WARN_UNUSED_FUNCTION = YES;
				GCC_WARN_UNUSED_VARIABLE = YES;
				IPHONEOS_DEPLOYMENT_TARGET = 8.0;
				MTL_ENABLE_DEBUG_INFO = YES;
				ONLY_ACTIVE_ARCH = YES;
				SDKROOT = iphoneos;
				TARGETED_DEVICE_FAMILY = "1,2";
			};
			name = Debug;
		};
		2704AD671AEF031300A2D19C /* Release */ = {
			isa = XCBuildConfiguration;
			buildSettings = {
				ALWAYS_SEARCH_USER_PATHS = NO;
				CLANG_CXX_LANGUAGE_STANDARD = "gnu++0x";
				CLANG_CXX_LIBRARY = "libc++";
				CLANG_ENABLE_MODULES = YES;
				CLANG_ENABLE_OBJC_ARC = YES;
				CLANG_WARN_BOOL_CONVERSION = YES;
				CLANG_WARN_CONSTANT_CONVERSION = YES;
				CLANG_WARN_DIRECT_OBJC_ISA_USAGE = YES_ERROR;
				CLANG_WARN_EMPTY_BODY = YES;
				CLANG_WARN_ENUM_CONVERSION = YES;
				CLANG_WARN_INT_CONVERSION = YES;
				CLANG_WARN_OBJC_ROOT_CLASS = YES_ERROR;
				CLANG_WARN_UNREACHABLE_CODE = YES;
				CLANG_WARN__DUPLICATE_METHOD_MATCH = YES;
				"CODE_SIGN_IDENTITY[sdk=iphoneos*]" = "iPhone Developer";
				COPY_PHASE_STRIP = YES;
				ENABLE_NS_ASSERTIONS = NO;
				ENABLE_STRICT_OBJC_MSGSEND = YES;
				GCC_C_LANGUAGE_STANDARD = gnu99;
				GCC_GENERATE_TEST_COVERAGE_FILES = YES;
				GCC_INSTRUMENT_PROGRAM_FLOW_ARCS = YES;
				GCC_WARN_64_TO_32_BIT_CONVERSION = YES;
				GCC_WARN_ABOUT_RETURN_TYPE = YES_ERROR;
				GCC_WARN_UNDECLARED_SELECTOR = YES;
				GCC_WARN_UNINITIALIZED_AUTOS = YES_AGGRESSIVE;
				GCC_WARN_UNUSED_FUNCTION = YES;
				GCC_WARN_UNUSED_VARIABLE = YES;
				IPHONEOS_DEPLOYMENT_TARGET = 8.0;
				MTL_ENABLE_DEBUG_INFO = NO;
				SDKROOT = iphoneos;
				TARGETED_DEVICE_FAMILY = "1,2";
				VALIDATE_PRODUCT = YES;
			};
			name = Release;
		};
		2704AD691AEF031300A2D19C /* Debug */ = {
			isa = XCBuildConfiguration;
			buildSettings = {
				ASSETCATALOG_COMPILER_APPICON_NAME = AppIcon;
				INFOPLIST_FILE = "Demo/Misc/Supporting Files/Info.plist";
				LD_RUNPATH_SEARCH_PATHS = "$(inherited) @executable_path/Frameworks";
				PRODUCT_NAME = "$(TARGET_NAME)";
			};
			name = Debug;
		};
		2704AD6A1AEF031300A2D19C /* Release */ = {
			isa = XCBuildConfiguration;
			buildSettings = {
				ASSETCATALOG_COMPILER_APPICON_NAME = AppIcon;
				INFOPLIST_FILE = "Demo/Misc/Supporting Files/Info.plist";
				LD_RUNPATH_SEARCH_PATHS = "$(inherited) @executable_path/Frameworks";
				PRODUCT_NAME = "$(TARGET_NAME)";
			};
			name = Release;
		};
		2704AD6C1AEF031300A2D19C /* Debug */ = {
			isa = XCBuildConfiguration;
			buildSettings = {
				BUNDLE_LOADER = "$(TEST_HOST)";
				FRAMEWORK_SEARCH_PATHS = (
					"$(SDKROOT)/Developer/Library/Frameworks",
					"$(inherited)",
				);
				GCC_PREPROCESSOR_DEFINITIONS = (
					"DEBUG=1",
					"$(inherited)",
				);
				INFOPLIST_FILE = "FacadeTests/Supporting Files/Info.plist";
				LD_RUNPATH_SEARCH_PATHS = "$(inherited) @executable_path/Frameworks @loader_path/Frameworks";
				PRODUCT_NAME = "$(TARGET_NAME)";
				TEST_HOST = "$(BUILT_PRODUCTS_DIR)/Facade.app/Facade";
			};
			name = Debug;
		};
		2704AD6D1AEF031300A2D19C /* Release */ = {
			isa = XCBuildConfiguration;
			buildSettings = {
				BUNDLE_LOADER = "$(TEST_HOST)";
				FRAMEWORK_SEARCH_PATHS = (
					"$(SDKROOT)/Developer/Library/Frameworks",
					"$(inherited)",
				);
				INFOPLIST_FILE = "FacadeTests/Supporting Files/Info.plist";
				LD_RUNPATH_SEARCH_PATHS = "$(inherited) @executable_path/Frameworks @loader_path/Frameworks";
				PRODUCT_NAME = "$(TARGET_NAME)";
				TEST_HOST = "$(BUILT_PRODUCTS_DIR)/Facade.app/Facade";
			};
			name = Release;
		};
/* End XCBuildConfiguration section */

/* Begin XCConfigurationList section */
		2704AD461AEF031200A2D19C /* Build configuration list for PBXProject "Facade" */ = {
			isa = XCConfigurationList;
			buildConfigurations = (
				2704AD661AEF031300A2D19C /* Debug */,
				2704AD671AEF031300A2D19C /* Release */,
			);
			defaultConfigurationIsVisible = 0;
			defaultConfigurationName = Release;
		};
		2704AD681AEF031300A2D19C /* Build configuration list for PBXNativeTarget "Facade" */ = {
			isa = XCConfigurationList;
			buildConfigurations = (
				2704AD691AEF031300A2D19C /* Debug */,
				2704AD6A1AEF031300A2D19C /* Release */,
			);
			defaultConfigurationIsVisible = 0;
			defaultConfigurationName = Release;
		};
		2704AD6B1AEF031300A2D19C /* Build configuration list for PBXNativeTarget "FacadeTests" */ = {
			isa = XCConfigurationList;
			buildConfigurations = (
				2704AD6C1AEF031300A2D19C /* Debug */,
				2704AD6D1AEF031300A2D19C /* Release */,
			);
			defaultConfigurationIsVisible = 0;
			defaultConfigurationName = Release;
		};
/* End XCConfigurationList section */
	};
	rootObject = 2704AD431AEF031200A2D19C /* Project object */;
}
